
Microsoft Visual Studio Solution File, Format Version 12.00
# Visual Studio Version 17
VisualStudioVersion = 17.14.36119.2 d17.14
MinimumVisualStudioVersion = 10.0.40219.1
Project("{FAE04EC0-301F-11D3-BF4B-00C04F79EFBC}") = "API", "API\API.csproj", "{52719C71-D827-4F1D-9EA0-5C27B17D6304}"
EndProject
Global
	GlobalSection(SolutionConfigurationPlatforms) = preSolution
		Debug|Any CPU = Debug|Any CPU
		Release|Any CPU = Release|Any CPU
	EndGlobalSection
	GlobalSection(ProjectConfigurationPlatforms) = postSolution
		{52719C71-D827-4F1D-9EA0-5C27B17D6304}.Debug|Any CPU.ActiveCfg = Debug|Any CPU
		{52719C71-D827-4F1D-9EA0-5C27B17D6304}.Debug|Any CPU.Build.0 = Debug|Any CPU
		{52719C71-D827-4F1D-9EA0-5C27B17D6304}.Release|Any CPU.ActiveCfg = Release|Any CPU
		{52719C71-D827-4F1D-9EA0-5C27B17D6304}.Release|Any CPU.Build.0 = Release|Any CPU
	EndGlobalSection
	GlobalSection(SolutionProperties) = preSolution
		HideSolutionNode = FALSE
	EndGlobalSection
	GlobalSection(ExtensibilityGlobals) = postSolution
		SolutionGuid = {075D1FFA-5794-4BA7-8570-EF958F4E6845}
	EndGlobalSection
EndGlobal
